
Microsoft Visual Studio Solution File, Format Version 12.00
# Visual Studio Version 16
VisualStudioVersion = 16.0.30011.22
MinimumVisualStudioVersion = 10.0.40219.1
Project("{FAE04EC0-301F-11D3-BF4B-00C04F79EFBC}") = "SuperheroProj", "SuperheroProj\SuperheroProj.csproj", "{01758CFB-EF52-4A77-B419-4CCC5AD3D018}"
EndProject
Global
	GlobalSection(SolutionConfigurationPlatforms) = preSolution
		Debug|Any CPU = Debug|Any CPU
		Release|Any CPU = Release|Any CPU
	EndGlobalSection
	GlobalSection(ProjectConfigurationPlatforms) = postSolution
		{01758CFB-EF52-4A77-B419-4CCC5AD3D018}.Debug|Any CPU.ActiveCfg = Debug|Any CPU
		{01758CFB-EF52-4A77-B419-4CCC5AD3D018}.Debug|Any CPU.Build.0 = Debug|Any CPU
		{01758CFB-EF52-4A77-B419-4CCC5AD3D018}.Release|Any CPU.ActiveCfg = Release|Any CPU
		{01758CFB-EF52-4A77-B419-4CCC5AD3D018}.Release|Any CPU.Build.0 = Release|Any CPU
	EndGlobalSection
	GlobalSection(SolutionProperties) = preSolution
		HideSolutionNode = FALSE
	EndGlobalSection
	GlobalSection(ExtensibilityGlobals) = postSolution
		SolutionGuid = {2B385CEF-CF90-4944-8F81-80E8607288C2}
	EndGlobalSection
EndGlobal
